
Microsoft Visual Studio Solution File, Format Version 12.00
# Visual Studio 15
VisualStudioVersion = 15.0.28307.645
MinimumVisualStudioVersion = 10.0.40219.1
Project("{2150E333-8FDC-42A3-9474-1A3956D46DE8}") = "Core", "Core", "{F6A8BA56-FC89-4CC9-97D1-51665682C7E3}"
EndProject
Project("{2150E333-8FDC-42A3-9474-1A3956D46DE8}") = "Application", "Application", "{FEDA8EE6-4AD5-4FB2-9978-D49CDB3657CF}"
EndProject
Project("{2150E333-8FDC-42A3-9474-1A3956D46DE8}") = "Infrastructure", "Infrastructure", "{54E420F8-4B03-44F6-ACFF-1FAA7DF3D5D0}"
EndProject
Project("{2150E333-8FDC-42A3-9474-1A3956D46DE8}") = "Persistence", "Persistence", "{C610DA93-A60C-49DE-8FE5-621224D3CA6A}"
EndProject
Project("{2150E333-8FDC-42A3-9474-1A3956D46DE8}") = "Presentation", "Presentation", "{32E2DD52-ACBB-47BF-B6FF-F8AE9DD2D6EB}"
EndProject
Project("{9A19103F-16F7-4668-BE54-9A1E7A4F7556}") = "WebApi", "WebApi\WebApi.csproj", "{474F90E1-3751-4A14-970C-E0A1EE219B18}"
EndProject
Project("{9A19103F-16F7-4668-BE54-9A1E7A4F7556}") = "Domain", "Domain\Domain.csproj", "{D2295FE1-AE19-4778-9514-A222A2E96207}"
EndProject
Project("{9A19103F-16F7-4668-BE54-9A1E7A4F7556}") = "App", "App\App.csproj", "{E0988694-D520-419C-BE65-A0724AE2C042}"
EndProject
Project("{9A19103F-16F7-4668-BE54-9A1E7A4F7556}") = "DataAccess", "DataAccess\DataAccess.csproj", "{4C2F0550-54A5-46F3-888C-CC07A9878DA3}"
EndProject
Project("{FAE04EC0-301F-11D3-BF4B-00C04F79EFBC}") = "AppTests", "AppTests\AppTests.csproj", "{419D9050-AE99-4806-BC88-7D107EECABB0}"
EndProject
Global
	GlobalSection(SolutionConfigurationPlatforms) = preSolution
		Debug|Any CPU = Debug|Any CPU
		Release|Any CPU = Release|Any CPU
	EndGlobalSection
	GlobalSection(ProjectConfigurationPlatforms) = postSolution
		{474F90E1-3751-4A14-970C-E0A1EE219B18}.Debug|Any CPU.ActiveCfg = Debug|Any CPU
		{474F90E1-3751-4A14-970C-E0A1EE219B18}.Debug|Any CPU.Build.0 = Debug|Any CPU
		{474F90E1-3751-4A14-970C-E0A1EE219B18}.Release|Any CPU.ActiveCfg = Release|Any CPU
		{474F90E1-3751-4A14-970C-E0A1EE219B18}.Release|Any CPU.Build.0 = Release|Any CPU
		{D2295FE1-AE19-4778-9514-A222A2E96207}.Debug|Any CPU.ActiveCfg = Debug|Any CPU
		{D2295FE1-AE19-4778-9514-A222A2E96207}.Debug|Any CPU.Build.0 = Debug|Any CPU
		{D2295FE1-AE19-4778-9514-A222A2E96207}.Release|Any CPU.ActiveCfg = Release|Any CPU
		{D2295FE1-AE19-4778-9514-A222A2E96207}.Release|Any CPU.Build.0 = Release|Any CPU
		{E0988694-D520-419C-BE65-A0724AE2C042}.Debug|Any CPU.ActiveCfg = Debug|Any CPU
		{E0988694-D520-419C-BE65-A0724AE2C042}.Debug|Any CPU.Build.0 = Debug|Any CPU
		{E0988694-D520-419C-BE65-A0724AE2C042}.Release|Any CPU.ActiveCfg = Release|Any CPU
		{E0988694-D520-419C-BE65-A0724AE2C042}.Release|Any CPU.Build.0 = Release|Any CPU
		{4C2F0550-54A5-46F3-888C-CC07A9878DA3}.Debug|Any CPU.ActiveCfg = Debug|Any CPU
		{4C2F0550-54A5-46F3-888C-CC07A9878DA3}.Debug|Any CPU.Build.0 = Debug|Any CPU
		{4C2F0550-54A5-46F3-888C-CC07A9878DA3}.Release|Any CPU.ActiveCfg = Release|Any CPU
		{4C2F0550-54A5-46F3-888C-CC07A9878DA3}.Release|Any CPU.Build.0 = Release|Any CPU
		{419D9050-AE99-4806-BC88-7D107EECABB0}.Debug|Any CPU.ActiveCfg = Debug|Any CPU
		{419D9050-AE99-4806-BC88-7D107EECABB0}.Debug|Any CPU.Build.0 = Debug|Any CPU
		{419D9050-AE99-4806-BC88-7D107EECABB0}.Release|Any CPU.ActiveCfg = Release|Any CPU
		{419D9050-AE99-4806-BC88-7D107EECABB0}.Release|Any CPU.Build.0 = Release|Any CPU
	EndGlobalSection
	GlobalSection(SolutionProperties) = preSolution
		HideSolutionNode = FALSE
	EndGlobalSection
	GlobalSection(NestedProjects) = preSolution
		{C610DA93-A60C-49DE-8FE5-621224D3CA6A} = {54E420F8-4B03-44F6-ACFF-1FAA7DF3D5D0}
		{32E2DD52-ACBB-47BF-B6FF-F8AE9DD2D6EB} = {54E420F8-4B03-44F6-ACFF-1FAA7DF3D5D0}
		{474F90E1-3751-4A14-970C-E0A1EE219B18} = {32E2DD52-ACBB-47BF-B6FF-F8AE9DD2D6EB}
		{D2295FE1-AE19-4778-9514-A222A2E96207} = {F6A8BA56-FC89-4CC9-97D1-51665682C7E3}
		{E0988694-D520-419C-BE65-A0724AE2C042} = {FEDA8EE6-4AD5-4FB2-9978-D49CDB3657CF}
		{4C2F0550-54A5-46F3-888C-CC07A9878DA3} = {C610DA93-A60C-49DE-8FE5-621224D3CA6A}
		{419D9050-AE99-4806-BC88-7D107EECABB0} = {FEDA8EE6-4AD5-4FB2-9978-D49CDB3657CF}
	EndGlobalSection
	GlobalSection(ExtensibilityGlobals) = postSolution
		SolutionGuid = {D4C16D6E-4990-4C11-A4FC-B1C5E39393D6}
	EndGlobalSection
EndGlobal
